// !$*UTF8*$!
{
	archiveVersion = 1;
	classes = {
	};
	objectVersion = 48;
	objects = {

/* Begin PBXBuildFile section */
		841E08E32050645D008E0974 /* mush.c in Sources */ = {isa = PBXBuildFile; fileRef = 841E08E22050645D008E0974 /* mush.c */; };
		841E08EF205065E1008E0974 /* Makefile in Sources */ = {isa = PBXBuildFile; fileRef = 841E08E9205065E0008E0974 /* Makefile */; };
		841E08F0205065E1008E0974 /* parseline.c in Sources */ = {isa = PBXBuildFile; fileRef = 841E08EC205065E0008E0974 /* parseline.c */; };
		841E08F1205065E1008E0974 /* checker.c in Sources */ = {isa = PBXBuildFile; fileRef = 841E08ED205065E0008E0974 /* checker.c */; };
/* End PBXBuildFile section */

/* Begin PBXCopyFilesBuildPhase section */
		841E08DD2050645D008E0974 /* CopyFiles */ = {
			isa = PBXCopyFilesBuildPhase;
			buildActionMask = 2147483647;
			dstPath = /usr/share/man/man1/;
			dstSubfolderSpec = 0;
			files = (
			);
			runOnlyForDeploymentPostprocessing = 1;
		};
/* End PBXCopyFilesBuildPhase section */

/* Begin PBXFileReference section */
		841E08DF2050645D008E0974 /* asgn6 */ = {isa = PBXFileReference; explicitFileType = "compiled.mach-o.executable"; includeInIndex = 0; path = asgn6; sourceTree = BUILT_PRODUCTS_DIR; };
		841E08E22050645D008E0974 /* mush.c */ = {isa = PBXFileReference; lastKnownFileType = sourcecode.c.c; path = mush.c; sourceTree = "<group>"; };
		841E08E9205065E0008E0974 /* Makefile */ = {isa = PBXFileReference; fileEncoding = 4; lastKnownFileType = sourcecode.make; path = Makefile; sourceTree = "<group>"; };
		841E08EA205065E0008E0974 /* parseline.h */ = {isa = PBXFileReference; fileEncoding = 4; lastKnownFileType = sourcecode.c.h; path = parseline.h; sourceTree = "<group>"; };
		841E08EB205065E0008E0974 /* README */ = {isa = PBXFileReference; fileEncoding = 4; lastKnownFileType = text; path = README; sourceTree = "<group>"; };
		841E08EC205065E0008E0974 /* parseline.c */ = {isa = PBXFileReference; fileEncoding = 4; lastKnownFileType = sourcecode.c.c; path = parseline.c; sourceTree = "<group>"; };
		841E08ED205065E0008E0974 /* checker.c */ = {isa = PBXFileReference; fileEncoding = 4; lastKnownFileType = sourcecode.c.c; path = checker.c; sourceTree = "<group>"; };
		841E08EE205065E0008E0974 /* checker.h */ = {isa = PBXFileReference; fileEncoding = 4; lastKnownFileType = sourcecode.c.h; path = checker.h; sourceTree = "<group>"; };
		841E08F220506609008E0974 /* mush.h */ = {isa = PBXFileReference; lastKnownFileType = sourcecode.c.h; path = mush.h; sourceTree = "<group>"; };
/* End PBXFileReference section */

/* Begin PBXFrameworksBuildPhase section */
		841E08DC2050645D008E0974 /* Frameworks */ = {
			isa = PBXFrameworksBuildPhase;
			buildActionMask = 2147483647;
			files = (
			);
			runOnlyForDeploymentPostprocessing = 0;
		};
/* End PBXFrameworksBuildPhase section */

/* Begin PBXGroup section */
		841E08D62050645D008E0974 = {
			isa = PBXGroup;
			children = (
				841E08E12050645D008E0974 /* asgn6 */,
				841E08E02050645D008E0974 /* Products */,
			);
			sourceTree = "<group>";
		};
		841E08E02050645D008E0974 /* Products */ = {
			isa = PBXGroup;
			children = (
				841E08DF2050645D008E0974 /* asgn6 */,
			);
			name = Products;
			sourceTree = "<group>";
		};
		841E08E12050645D008E0974 /* asgn6 */ = {
			isa = PBXGroup;
			children = (
				841E08E9205065E0008E0974 /* Makefile */,
				841E08EB205065E0008E0974 /* README */,
				841E08E22050645D008E0974 /* mush.c */,
				841E08F220506609008E0974 /* mush.h */,
				841E08ED205065E0008E0974 /* checker.c */,
				841E08EE205065E0008E0974 /* checker.h */,
				841E08EC205065E0008E0974 /* parseline.c */,
				841E08EA205065E0008E0974 /* parseline.h */,
			);
			path = asgn6;
			sourceTree = "<group>";
		};
/* End PBXGroup section */

/* Begin PBXNativeTarget section */
		841E08DE2050645D008E0974 /* asgn6 */ = {
			isa = PBXNativeTarget;
			buildConfigurationList = 841E08E62050645D008E0974 /* Build configuration list for PBXNativeTarget "asgn6" */;
			buildPhases = (
				841E08DB2050645D008E0974 /* Sources */,
				841E08DC2050645D008E0974 /* Frameworks */,
				841E08DD2050645D008E0974 /* CopyFiles */,
			);
			buildRules = (
			);
			dependencies = (
			);
			name = asgn6;
			productName = asgn6;
			productReference = 841E08DF2050645D008E0974 /* asgn6 */;
			productType = "com.apple.product-type.tool";
		};
/* End PBXNativeTarget section */

/* Begin PBXProject section */
		841E08D72050645D008E0974 /* Project object */ = {
			isa = PBXProject;
			attributes = {
				LastUpgradeCheck = 0920;
				ORGANIZATIONNAME = "Caitlin Settles";
				TargetAttributes = {
					841E08DE2050645D008E0974 = {
						CreatedOnToolsVersion = 9.2;
						ProvisioningStyle = Automatic;
					};
				};
			};
			buildConfigurationList = 841E08DA2050645D008E0974 /* Build configuration list for PBXProject "asgn6" */;
			compatibilityVersion = "Xcode 8.0";
			developmentRegion = en;
			hasScannedForEncodings = 0;
			knownRegions = (
				en,
			);
			mainGroup = 841E08D62050645D008E0974;
			productRefGroup = 841E08E02050645D008E0974 /* Products */;
			projectDirPath = "";
			projectRoot = "";
			targets = (
				841E08DE2050645D008E0974 /* asgn6 */,
			);
		};
/* End PBXProject section */

/* Begin PBXSourcesBuildPhase section */
		841E08DB2050645D008E0974 /* Sources */ = {
			isa = PBXSourcesBuildPhase;
			buildActionMask = 2147483647;
			files = (
				841E08EF205065E1008E0974 /* Makefile in Sources */,
				841E08E32050645D008E0974 /* mush.c in Sources */,
				841E08F0205065E1008E0974 /* parseline.c in Sources */,
				841E08F1205065E1008E0974 /* checker.c in Sources */,
			);
			runOnlyForDeploymentPostprocessing = 0;
		};
/* End PBXSourcesBuildPhase section */

/* Begin XCBuildConfiguration section */
		841E08E42050645D008E0974 /* Debug */ = {
			isa = XCBuildConfiguration;
			buildSettings = {
				ALWAYS_SEARCH_USER_PATHS = NO;
				CLANG_ANALYZER_NONNULL = YES;
				CLANG_ANALYZER_NUMBER_OBJECT_CONVERSION = YES_AGGRESSIVE;
				CLANG_CXX_LANGUAGE_STANDARD = "gnu++14";
				CLANG_CXX_LIBRARY = "libc++";
				CLANG_ENABLE_MODULES = YES;
				CLANG_ENABLE_OBJC_ARC = YES;
				CLANG_WARN_BLOCK_CAPTURE_AUTORELEASING = YES;
				CLANG_WARN_BOOL_CONVERSION = YES;
				CLANG_WARN_COMMA = YES;
				CLANG_WARN_CONSTANT_CONVERSION = YES;
				CLANG_WARN_DIRECT_OBJC_ISA_USAGE = YES_ERROR;
				CLANG_WARN_DOCUMENTATION_COMMENTS = YES;
				CLANG_WARN_EMPTY_BODY = YES;
				CLANG_WARN_ENUM_CONVERSION = YES;
				CLANG_WARN_INFINITE_RECURSION = YES;
				CLANG_WARN_INT_CONVERSION = YES;
				CLANG_WARN_NON_LITERAL_NULL_CONVERSION = YES;
				CLANG_WARN_OBJC_LITERAL_CONVERSION = YES;
				CLANG_WARN_OBJC_ROOT_CLASS = YES_ERROR;
				CLANG_WARN_RANGE_LOOP_ANALYSIS = YES;
				CLANG_WARN_STRICT_PROTOTYPES = YES;
				CLANG_WARN_SUSPICIOUS_MOVE = YES;
				CLANG_WARN_UNGUARDED_AVAILABILITY = YES_AGGRESSIVE;
				CLANG_WARN_UNREACHABLE_CODE = YES;
				CLANG_WARN__DUPLICATE_METHOD_MATCH = YES;
				CODE_SIGN_IDENTITY = "-";
				COPY_PHASE_STRIP = NO;
				DEBUG_INFORMATION_FORMAT = dwarf;
				ENABLE_STRICT_OBJC_MSGSEND = YES;
				ENABLE_TESTABILITY = YES;
				GCC_C_LANGUAGE_STANDARD = gnu11;
				GCC_DYNAMIC_NO_PIC = NO;
				GCC_NO_COMMON_BLOCKS = YES;
				GCC_OPTIMIZATION_LEVEL = 0;
				GCC_PREPROCESSOR_DEFINITIONS = (
					"DEBUG=1",
					"$(inherited)",
				);
				GCC_WARN_64_TO_32_BIT_CONVERSION = YES;
				GCC_WARN_ABOUT_RETURN_TYPE = YES_ERROR;
				GCC_WARN_UNDECLARED_SELECTOR = YES;
				GCC_WARN_UNINITIALIZED_AUTOS = YES_AGGRESSIVE;
				GCC_WARN_UNUSED_FUNCTION = YES;
				GCC_WARN_UNUSED_VARIABLE = YES;
				MACOSX_DEPLOYMENT_TARGET = 10.13;
				MTL_ENABLE_DEBUG_INFO = YES;
				ONLY_ACTIVE_ARCH = YES;
				SDKROOT = macosx;
			};
			name = Debug;
		};
		841E08E52050645D008E0974 /* Release */ = {
			isa = XCBuildConfiguration;
			buildSettings = {
				ALWAYS_SEARCH_USER_PATHS = NO;
				CLANG_ANALYZER_NONNULL = YES;
				CLANG_ANALYZER_NUMBER_OBJECT_CONVERSION = YES_AGGRESSIVE;
				CLANG_CXX_LANGUAGE_STANDARD = "gnu++14";
				CLANG_CXX_LIBRARY = "libc++";
				CLANG_ENABLE_MODULES = YES;
				CLANG_ENABLE_OBJC_ARC = YES;
				CLANG_WARN_BLOCK_CAPTURE_AUTORELEASING = YES;
				CLANG_WARN_BOOL_CONVERSION = YES;
				CLANG_WARN_COMMA = YES;
				CLANG_WARN_CONSTANT_CONVERSION = YES;
				CLANG_WARN_DIRECT_OBJC_ISA_USAGE = YES_ERROR;
				CLANG_WARN_DOCUMENTATION_COMMENTS = YES;
				CLANG_WARN_EMPTY_BODY = YES;
				CLANG_WARN_ENUM_CONVERSION = YES;
				CLANG_WARN_INFINITE_RECURSION = YES;
				CLANG_WARN_INT_CONVERSION = YES;
				CLANG_WARN_NON_LITERAL_NULL_CONVERSION = YES;
				CLANG_WARN_OBJC_LITERAL_CONVERSION = YES;
				CLANG_WARN_OBJC_ROOT_CLASS = YES_ERROR;
				CLANG_WARN_RANGE_LOOP_ANALYSIS = YES;
				CLANG_WARN_STRICT_PROTOTYPES = YES;
				CLANG_WARN_SUSPICIOUS_MOVE = YES;
				CLANG_WARN_UNGUARDED_AVAILABILITY = YES_AGGRESSIVE;
				CLANG_WARN_UNREACHABLE_CODE = YES;
				CLANG_WARN__DUPLICATE_METHOD_MATCH = YES;
				CODE_SIGN_IDENTITY = "-";
				COPY_PHASE_STRIP = NO;
				DEBUG_INFORMATION_FORMAT = "dwarf-with-dsym";
				ENABLE_NS_ASSERTIONS = NO;
				ENABLE_STRICT_OBJC_MSGSEND = YES;
				GCC_C_LANGUAGE_STANDARD = gnu11;
				GCC_NO_COMMON_BLOCKS = YES;
				GCC_WARN_64_TO_32_BIT_CONVERSION = YES;
				GCC_WARN_ABOUT_RETURN_TYPE = YES_ERROR;
				GCC_WARN_UNDECLARED_SELECTOR = YES;
				GCC_WARN_UNINITIALIZED_AUTOS = YES_AGGRESSIVE;
				GCC_WARN_UNUSED_FUNCTION = YES;
				GCC_WARN_UNUSED_VARIABLE = YES;
				MACOSX_DEPLOYMENT_TARGET = 10.13;
				MTL_ENABLE_DEBUG_INFO = NO;
				SDKROOT = macosx;
			};
			name = Release;
		};
		841E08E72050645D008E0974 /* Debug */ = {
			isa = XCBuildConfiguration;
			buildSettings = {
				CODE_SIGN_STYLE = Automatic;
				PRODUCT_NAME = "$(TARGET_NAME)";
			};
			name = Debug;
		};
		841E08E82050645D008E0974 /* Release */ = {
			isa = XCBuildConfiguration;
			buildSettings = {
				CODE_SIGN_STYLE = Automatic;
				PRODUCT_NAME = "$(TARGET_NAME)";
			};
			name = Release;
		};
/* End XCBuildConfiguration section */

/* Begin XCConfigurationList section */
		841E08DA2050645D008E0974 /* Build configuration list for PBXProject "asgn6" */ = {
			isa = XCConfigurationList;
			buildConfigurations = (
				841E08E42050645D008E0974 /* Debug */,
				841E08E52050645D008E0974 /* Release */,
			);
			defaultConfigurationIsVisible = 0;
			defaultConfigurationName = Release;
		};
		841E08E62050645D008E0974 /* Build configuration list for PBXNativeTarget "asgn6" */ = {
			isa = XCConfigurationList;
			buildConfigurations = (
				841E08E72050645D008E0974 /* Debug */,
				841E08E82050645D008E0974 /* Release */,
			);
			defaultConfigurationIsVisible = 0;
			defaultConfigurationName = Release;
		};
/* End XCConfigurationList section */
	};
	rootObject = 841E08D72050645D008E0974 /* Project object */;
}
